// !$*UTF8*$!
{
	archiveVersion = 1;
	classes = {
	};
	objectVersion = 56;
	objects = {

/* Begin PBXBuildFile section */
		AEDC7DF42BE4F7C900FA7D2B /* AudibleListCell.swift in Sources */ = {isa = PBXBuildFile; fileRef = AEDC7DF22BE4F7C900FA7D2B /* AudibleListCell.swift */; };
		AEDC7DF52BE4F7C900FA7D2B /* AudibleListCell.xib in Resources */ = {isa = PBXBuildFile; fileRef = AEDC7DF32BE4F7C900FA7D2B /* AudibleListCell.xib */; };
		AEDC7DF92BE4FDC600FA7D2B /* AudibleListItemCell.swift in Sources */ = {isa = PBXBuildFile; fileRef = AEDC7DF72BE4FDC600FA7D2B /* AudibleListItemCell.swift */; };
		AEDC7DFA2BE4FDC600FA7D2B /* AudibleListItemCell.xib in Resources */ = {isa = PBXBuildFile; fileRef = AEDC7DF82BE4FDC600FA7D2B /* AudibleListItemCell.xib */; };
		AEE1E82A2BE3ADC70054FA50 /* AppDelegate.swift in Sources */ = {isa = PBXBuildFile; fileRef = AEE1E8292BE3ADC70054FA50 /* AppDelegate.swift */; };
		AEE1E82C2BE3ADC70054FA50 /* SceneDelegate.swift in Sources */ = {isa = PBXBuildFile; fileRef = AEE1E82B2BE3ADC70054FA50 /* SceneDelegate.swift */; };
		AEE1E8312BE3ADC70054FA50 /* Base in Resources */ = {isa = PBXBuildFile; fileRef = AEE1E8302BE3ADC70054FA50 /* Base */; };
		AEE1E8332BE3ADC80054FA50 /* Assets.xcassets in Resources */ = {isa = PBXBuildFile; fileRef = AEE1E8322BE3ADC80054FA50 /* Assets.xcassets */; };
		AEE1E8362BE3ADC80054FA50 /* Base in Resources */ = {isa = PBXBuildFile; fileRef = AEE1E8352BE3ADC80054FA50 /* Base */; };
		AEE1E83E2BE3AE580054FA50 /* AudibleViewController.swift in Sources */ = {isa = PBXBuildFile; fileRef = AEE1E83D2BE3AE580054FA50 /* AudibleViewController.swift */; };
		AEE1E8402BE3B0880054FA50 /* AudibleListViewController.swift in Sources */ = {isa = PBXBuildFile; fileRef = AEE1E83F2BE3B0880054FA50 /* AudibleListViewController.swift */; };
/* End PBXBuildFile section */

/* Begin PBXFileReference section */
		AEDC7DF22BE4F7C900FA7D2B /* AudibleListCell.swift */ = {isa = PBXFileReference; lastKnownFileType = sourcecode.swift; path = AudibleListCell.swift; sourceTree = "<group>"; };
		AEDC7DF32BE4F7C900FA7D2B /* AudibleListCell.xib */ = {isa = PBXFileReference; lastKnownFileType = file.xib; path = AudibleListCell.xib; sourceTree = "<group>"; };
		AEDC7DF72BE4FDC600FA7D2B /* AudibleListItemCell.swift */ = {isa = PBXFileReference; lastKnownFileType = sourcecode.swift; path = AudibleListItemCell.swift; sourceTree = "<group>"; };
		AEDC7DF82BE4FDC600FA7D2B /* AudibleListItemCell.xib */ = {isa = PBXFileReference; lastKnownFileType = file.xib; path = AudibleListItemCell.xib; sourceTree = "<group>"; };
		AEE1E8262BE3ADC70054FA50 /* Audible.app */ = {isa = PBXFileReference; explicitFileType = wrapper.application; includeInIndex = 0; path = Audible.app; sourceTree = BUILT_PRODUCTS_DIR; };
		AEE1E8292BE3ADC70054FA50 /* AppDelegate.swift */ = {isa = PBXFileReference; lastKnownFileType = sourcecode.swift; path = AppDelegate.swift; sourceTree = "<group>"; };
		AEE1E82B2BE3ADC70054FA50 /* SceneDelegate.swift */ = {isa = PBXFileReference; lastKnownFileType = sourcecode.swift; path = SceneDelegate.swift; sourceTree = "<group>"; };
		AEE1E8302BE3ADC70054FA50 /* Base */ = {isa = PBXFileReference; lastKnownFileType = file.storyboard; name = Base; path = Base.lproj/Main.storyboard; sourceTree = "<group>"; };
		AEE1E8322BE3ADC80054FA50 /* Assets.xcassets */ = {isa = PBXFileReference; lastKnownFileType = folder.assetcatalog; path = Assets.xcassets; sourceTree = "<group>"; };
		AEE1E8352BE3ADC80054FA50 /* Base */ = {isa = PBXFileReference; lastKnownFileType = file.storyboard; name = Base; path = Base.lproj/LaunchScreen.storyboard; sourceTree = "<group>"; };
		AEE1E8372BE3ADC80054FA50 /* Info.plist */ = {isa = PBXFileReference; lastKnownFileType = text.plist.xml; path = Info.plist; sourceTree = "<group>"; };
		AEE1E83D2BE3AE580054FA50 /* AudibleViewController.swift */ = {isa = PBXFileReference; lastKnownFileType = sourcecode.swift; path = AudibleViewController.swift; sourceTree = "<group>"; };
		AEE1E83F2BE3B0880054FA50 /* AudibleListViewController.swift */ = {isa = PBXFileReference; lastKnownFileType = sourcecode.swift; path = AudibleListViewController.swift; sourceTree = "<group>"; };
/* End PBXFileReference section */

/* Begin PBXFrameworksBuildPhase section */
		AEE1E8232BE3ADC70054FA50 /* Frameworks */ = {
			isa = PBXFrameworksBuildPhase;
			buildActionMask = 2147483647;
			files = (
			);
			runOnlyForDeploymentPostprocessing = 0;
		};
/* End PBXFrameworksBuildPhase section */

/* Begin PBXGroup section */
		AEDC7DF12BE4F7AD00FA7D2B /* AudibleListCell */ = {
			isa = PBXGroup;
			children = (
				AEDC7DF22BE4F7C900FA7D2B /* AudibleListCell.swift */,
				AEDC7DF32BE4F7C900FA7D2B /* AudibleListCell.xib */,
			);
			path = AudibleListCell;
			sourceTree = "<group>";
		};
		AEDC7DF62BE4FD9A00FA7D2B /* AudibleListItemCell */ = {
			isa = PBXGroup;
			children = (
				AEDC7DF72BE4FDC600FA7D2B /* AudibleListItemCell.swift */,
				AEDC7DF82BE4FDC600FA7D2B /* AudibleListItemCell.xib */,
			);
			path = AudibleListItemCell;
			sourceTree = "<group>";
		};
		AEE1E81D2BE3ADC60054FA50 = {
			isa = PBXGroup;
			children = (
				AEE1E8282BE3ADC70054FA50 /* Audible */,
				AEE1E8272BE3ADC70054FA50 /* Products */,
			);
			sourceTree = "<group>";
		};
		AEE1E8272BE3ADC70054FA50 /* Products */ = {
			isa = PBXGroup;
			children = (
				AEE1E8262BE3ADC70054FA50 /* Audible.app */,
			);
			name = Products;
			sourceTree = "<group>";
		};
		AEE1E8282BE3ADC70054FA50 /* Audible */ = {
			isa = PBXGroup;
			children = (
				AEDC7DF62BE4FD9A00FA7D2B /* AudibleListItemCell */,
				AEDC7DF12BE4F7AD00FA7D2B /* AudibleListCell */,
				AEE1E8292BE3ADC70054FA50 /* AppDelegate.swift */,
				AEE1E82B2BE3ADC70054FA50 /* SceneDelegate.swift */,
				AEE1E82F2BE3ADC70054FA50 /* Main.storyboard */,
				AEE1E83F2BE3B0880054FA50 /* AudibleListViewController.swift */,
				AEE1E83D2BE3AE580054FA50 /* AudibleViewController.swift */,
				AEE1E8322BE3ADC80054FA50 /* Assets.xcassets */,
				AEE1E8342BE3ADC80054FA50 /* LaunchScreen.storyboard */,
				AEE1E8372BE3ADC80054FA50 /* Info.plist */,
			);
			path = Audible;
			sourceTree = "<group>";
		};
/* End PBXGroup section */

/* Begin PBXNativeTarget section */
		AEE1E8252BE3ADC70054FA50 /* Audible */ = {
			isa = PBXNativeTarget;
			buildConfigurationList = AEE1E83A2BE3ADC80054FA50 /* Build configuration list for PBXNativeTarget "Audible" */;
			buildPhases = (
				AEE1E8222BE3ADC70054FA50 /* Sources */,
				AEE1E8232BE3ADC70054FA50 /* Frameworks */,
				AEE1E8242BE3ADC70054FA50 /* Resources */,
			);
			buildRules = (
			);
			dependencies = (
			);
			name = Audible;
			productName = Audible;
			productReference = AEE1E8262BE3ADC70054FA50 /* Audible.app */;
			productType = "com.apple.product-type.application";
		};
/* End PBXNativeTarget section */

/* Begin PBXProject section */
		AEE1E81E2BE3ADC60054FA50 /* Project object */ = {
			isa = PBXProject;
			attributes = {
				BuildIndependentTargetsInParallel = 1;
				LastSwiftUpdateCheck = 1530;
				LastUpgradeCheck = 1530;
				TargetAttributes = {
					AEE1E8252BE3ADC70054FA50 = {
						CreatedOnToolsVersion = 15.3;
					};
				};
			};
			buildConfigurationList = AEE1E8212BE3ADC60054FA50 /* Build configuration list for PBXProject "Audible" */;
			compatibilityVersion = "Xcode 14.0";
			developmentRegion = en;
			hasScannedForEncodings = 0;
			knownRegions = (
				en,
				Base,
			);
			mainGroup = AEE1E81D2BE3ADC60054FA50;
			productRefGroup = AEE1E8272BE3ADC70054FA50 /* Products */;
			projectDirPath = "";
			projectRoot = "";
			targets = (
				AEE1E8252BE3ADC70054FA50 /* Audible */,
			);
		};
/* End PBXProject section */

/* Begin PBXResourcesBuildPhase section */
		AEE1E8242BE3ADC70054FA50 /* Resources */ = {
			isa = PBXResourcesBuildPhase;
			buildActionMask = 2147483647;
			files = (
				AEE1E8332BE3ADC80054FA50 /* Assets.xcassets in Resources */,
				AEE1E8362BE3ADC80054FA50 /* Base in Resources */,
				AEDC7DFA2BE4FDC600FA7D2B /* AudibleListItemCell.xib in Resources */,
				AEDC7DF52BE4F7C900FA7D2B /* AudibleListCell.xib in Resources */,
				AEE1E8312BE3ADC70054FA50 /* Base in Resources */,
			);
			runOnlyForDeploymentPostprocessing = 0;
		};
/* End PBXResourcesBuildPhase section */

/* Begin PBXSourcesBuildPhase section */
		AEE1E8222BE3ADC70054FA50 /* Sources */ = {
			isa = PBXSourcesBuildPhase;
			buildActionMask = 2147483647;
			files = (
				AEE1E82A2BE3ADC70054FA50 /* AppDelegate.swift in Sources */,
				AEE1E82C2BE3ADC70054FA50 /* SceneDelegate.swift in Sources */,
				AEE1E83E2BE3AE580054FA50 /* AudibleViewController.swift in Sources */,
				AEDC7DF92BE4FDC600FA7D2B /* AudibleListItemCell.swift in Sources */,
				AEE1E8402BE3B0880054FA50 /* AudibleListViewController.swift in Sources */,
				AEDC7DF42BE4F7C900FA7D2B /* AudibleListCell.swift in Sources */,
			);
			runOnlyForDeploymentPostprocessing = 0;
		};
/* End PBXSourcesBuildPhase section */

/* Begin PBXVariantGroup section */
		AEE1E82F2BE3ADC70054FA50 /* Main.storyboard */ = {
			isa = PBXVariantGroup;
			children = (
				AEE1E8302BE3ADC70054FA50 /* Base */,
			);
			name = Main.storyboard;
			sourceTree = "<group>";
		};
		AEE1E8342BE3ADC80054FA50 /* LaunchScreen.storyboard */ = {
			isa = PBXVariantGroup;
			children = (
				AEE1E8352BE3ADC80054FA50 /* Base */,
			);
			name = LaunchScreen.storyboard;
			sourceTree = "<group>";
		};
/* End PBXVariantGroup section */

/* Begin XCBuildConfiguration section */
		AEE1E8382BE3ADC80054FA50 /* Debug */ = {
			isa = XCBuildConfiguration;
			buildSettings = {
				ALWAYS_SEARCH_USER_PATHS = NO;
				ASSETCATALOG_COMPILER_GENERATE_SWIFT_ASSET_SYMBOL_EXTENSIONS = YES;
				CLANG_ANALYZER_NONNULL = YES;
				CLANG_ANALYZER_NUMBER_OBJECT_CONVERSION = YES_AGGRESSIVE;
				CLANG_CXX_LANGUAGE_STANDARD = "gnu++20";
				CLANG_ENABLE_MODULES = YES;
				CLANG_ENABLE_OBJC_ARC = YES;
				CLANG_ENABLE_OBJC_WEAK = YES;
				CLANG_WARN_BLOCK_CAPTURE_AUTORELEASING = YES;
				CLANG_WARN_BOOL_CONVERSION = YES;
				CLANG_WARN_COMMA = YES;
				CLANG_WARN_CONSTANT_CONVERSION = YES;
				CLANG_WARN_DEPRECATED_OBJC_IMPLEMENTATIONS = YES;
				CLANG_WARN_DIRECT_OBJC_ISA_USAGE = YES_ERROR;
				CLANG_WARN_DOCUMENTATION_COMMENTS = YES;
				CLANG_WARN_EMPTY_BODY = YES;
				CLANG_WARN_ENUM_CONVERSION = YES;
				CLANG_WARN_INFINITE_RECURSION = YES;
				CLANG_WARN_INT_CONVERSION = YES;
				CLANG_WARN_NON_LITERAL_NULL_CONVERSION = YES;
				CLANG_WARN_OBJC_IMPLICIT_RETAIN_SELF = YES;
				CLANG_WARN_OBJC_LITERAL_CONVERSION = YES;
				CLANG_WARN_OBJC_ROOT_CLASS = YES_ERROR;
				CLANG_WARN_QUOTED_INCLUDE_IN_FRAMEWORK_HEADER = YES;
				CLANG_WARN_RANGE_LOOP_ANALYSIS = YES;
				CLANG_WARN_STRICT_PROTOTYPES = YES;
				CLANG_WARN_SUSPICIOUS_MOVE = YES;
				CLANG_WARN_UNGUARDED_AVAILABILITY = YES_AGGRESSIVE;
				CLANG_WARN_UNREACHABLE_CODE = YES;
				CLANG_WARN__DUPLICATE_METHOD_MATCH = YES;
				COPY_PHASE_STRIP = NO;
				DEBUG_INFORMATION_FORMAT = dwarf;
				ENABLE_STRICT_OBJC_MSGSEND = YES;
				ENABLE_TESTABILITY = YES;
				ENABLE_USER_SCRIPT_SANDBOXING = YES;
				GCC_C_LANGUAGE_STANDARD = gnu17;
				GCC_DYNAMIC_NO_PIC = NO;
				GCC_NO_COMMON_BLOCKS = YES;
				GCC_OPTIMIZATION_LEVEL = 0;
				GCC_PREPROCESSOR_DEFINITIONS = (
					"DEBUG=1",
					"$(inherited)",
				);
				GCC_WARN_64_TO_32_BIT_CONVERSION = YES;
				GCC_WARN_ABOUT_RETURN_TYPE = YES_ERROR;
				GCC_WARN_UNDECLARED_SELECTOR = YES;
				GCC_WARN_UNINITIALIZED_AUTOS = YES_AGGRESSIVE;
				GCC_WARN_UNUSED_FUNCTION = YES;
				GCC_WARN_UNUSED_VARIABLE = YES;
				IPHONEOS_DEPLOYMENT_TARGET = 17.4;
				LOCALIZATION_PREFERS_STRING_CATALOGS = YES;
				MTL_ENABLE_DEBUG_INFO = INCLUDE_SOURCE;
				MTL_FAST_MATH = YES;
				ONLY_ACTIVE_ARCH = YES;
				SDKROOT = iphoneos;
				SWIFT_ACTIVE_COMPILATION_CONDITIONS = "DEBUG $(inherited)";
				SWIFT_OPTIMIZATION_LEVEL = "-Onone";
			};
			name = Debug;
		};
		AEE1E8392BE3ADC80054FA50 /* Release */ = {
			isa = XCBuildConfiguration;
			buildSettings = {
				ALWAYS_SEARCH_USER_PATHS = NO;
				ASSETCATALOG_COMPILER_GENERATE_SWIFT_ASSET_SYMBOL_EXTENSIONS = YES;
				CLANG_ANALYZER_NONNULL = YES;
				CLANG_ANALYZER_NUMBER_OBJECT_CONVERSION = YES_AGGRESSIVE;
				CLANG_CXX_LANGUAGE_STANDARD = "gnu++20";
				CLANG_ENABLE_MODULES = YES;
				CLANG_ENABLE_OBJC_ARC = YES;
				CLANG_ENABLE_OBJC_WEAK = YES;
				CLANG_WARN_BLOCK_CAPTURE_AUTORELEASING = YES;
				CLANG_WARN_BOOL_CONVERSION = YES;
				CLANG_WARN_COMMA = YES;
				CLANG_WARN_CONSTANT_CONVERSION = YES;
				CLANG_WARN_DEPRECATED_OBJC_IMPLEMENTATIONS = YES;
				CLANG_WARN_DIRECT_OBJC_ISA_USAGE = YES_ERROR;
				CLANG_WARN_DOCUMENTATION_COMMENTS = YES;
				CLANG_WARN_EMPTY_BODY = YES;
				CLANG_WARN_ENUM_CONVERSION = YES;
				CLANG_WARN_INFINITE_RECURSION = YES;
				CLANG_WARN_INT_CONVERSION = YES;
				CLANG_WARN_NON_LITERAL_NULL_CONVERSION = YES;
				CLANG_WARN_OBJC_IMPLICIT_RETAIN_SELF = YES;
				CLANG_WARN_OBJC_LITERAL_CONVERSION = YES;
				CLANG_WARN_OBJC_ROOT_CLASS = YES_ERROR;
				CLANG_WARN_QUOTED_INCLUDE_IN_FRAMEWORK_HEADER = YES;
				CLANG_WARN_RANGE_LOOP_ANALYSIS = YES;
				CLANG_WARN_STRICT_PROTOTYPES = YES;
				CLANG_WARN_SUSPICIOUS_MOVE = YES;
				CLANG_WARN_UNGUARDED_AVAILABILITY = YES_AGGRESSIVE;
				CLANG_WARN_UNREACHABLE_CODE = YES;
				CLANG_WARN__DUPLICATE_METHOD_MATCH = YES;
				COPY_PHASE_STRIP = NO;
				DEBUG_INFORMATION_FORMAT = "dwarf-with-dsym";
				ENABLE_NS_ASSERTIONS = NO;
				ENABLE_STRICT_OBJC_MSGSEND = YES;
				ENABLE_USER_SCRIPT_SANDBOXING = YES;
				GCC_C_LANGUAGE_STANDARD = gnu17;
				GCC_NO_COMMON_BLOCKS = YES;
				GCC_WARN_64_TO_32_BIT_CONVERSION = YES;
				GCC_WARN_ABOUT_RETURN_TYPE = YES_ERROR;
				GCC_WARN_UNDECLARED_SELECTOR = YES;
				GCC_WARN_UNINITIALIZED_AUTOS = YES_AGGRESSIVE;
				GCC_WARN_UNUSED_FUNCTION = YES;
				GCC_WARN_UNUSED_VARIABLE = YES;
				IPHONEOS_DEPLOYMENT_TARGET = 17.4;
				LOCALIZATION_PREFERS_STRING_CATALOGS = YES;
				MTL_ENABLE_DEBUG_INFO = NO;
				MTL_FAST_MATH = YES;
				SDKROOT = iphoneos;
				SWIFT_COMPILATION_MODE = wholemodule;
				VALIDATE_PRODUCT = YES;
			};
			name = Release;
		};
		AEE1E83B2BE3ADC80054FA50 /* Debug */ = {
			isa = XCBuildConfiguration;
			buildSettings = {
				ASSETCATALOG_COMPILER_APPICON_NAME = AppIcon;
				ASSETCATALOG_COMPILER_GLOBAL_ACCENT_COLOR_NAME = AccentColor;
				CODE_SIGN_STYLE = Automatic;
				CURRENT_PROJECT_VERSION = 1;
				DEVELOPMENT_TEAM = J7US55UYJ3;
				GENERATE_INFOPLIST_FILE = YES;
				INFOPLIST_FILE = Audible/Info.plist;
				INFOPLIST_KEY_UIApplicationSupportsIndirectInputEvents = YES;
				INFOPLIST_KEY_UILaunchStoryboardName = LaunchScreen;
				INFOPLIST_KEY_UIMainStoryboardFile = Main;
				INFOPLIST_KEY_UISupportedInterfaceOrientations_iPad = "UIInterfaceOrientationPortrait UIInterfaceOrientationPortraitUpsideDown UIInterfaceOrientationLandscapeLeft UIInterfaceOrientationLandscapeRight";
				INFOPLIST_KEY_UISupportedInterfaceOrientations_iPhone = "UIInterfaceOrientationPortrait UIInterfaceOrientationLandscapeLeft UIInterfaceOrientationLandscapeRight";
				LD_RUNPATH_SEARCH_PATHS = (
					"$(inherited)",
					"@executable_path/Frameworks",
				);
				MARKETING_VERSION = 1.0;
				PRODUCT_BUNDLE_IDENTIFIER = com.piotrantkiewicz.Audible;
				PRODUCT_NAME = "$(TARGET_NAME)";
				SWIFT_EMIT_LOC_STRINGS = YES;
				SWIFT_VERSION = 5.0;
				TARGETED_DEVICE_FAMILY = "1,2";
			};
			name = Debug;
		};
		AEE1E83C2BE3ADC80054FA50 /* Release */ = {
			isa = XCBuildConfiguration;
			buildSettings = {
				ASSETCATALOG_COMPILER_APPICON_NAME = AppIcon;
				ASSETCATALOG_COMPILER_GLOBAL_ACCENT_COLOR_NAME = AccentColor;
				CODE_SIGN_STYLE = Automatic;
				CURRENT_PROJECT_VERSION = 1;
				DEVELOPMENT_TEAM = J7US55UYJ3;
				GENERATE_INFOPLIST_FILE = YES;
				INFOPLIST_FILE = Audible/Info.plist;
				INFOPLIST_KEY_UIApplicationSupportsIndirectInputEvents = YES;
				INFOPLIST_KEY_UILaunchStoryboardName = LaunchScreen;
				INFOPLIST_KEY_UIMainStoryboardFile = Main;
				INFOPLIST_KEY_UISupportedInterfaceOrientations_iPad = "UIInterfaceOrientationPortrait UIInterfaceOrientationPortraitUpsideDown UIInterfaceOrientationLandscapeLeft UIInterfaceOrientationLandscapeRight";
				INFOPLIST_KEY_UISupportedInterfaceOrientations_iPhone = "UIInterfaceOrientationPortrait UIInterfaceOrientationLandscapeLeft UIInterfaceOrientationLandscapeRight";
				LD_RUNPATH_SEARCH_PATHS = (
					"$(inherited)",
					"@executable_path/Frameworks",
				);
				MARKETING_VERSION = 1.0;
				PRODUCT_BUNDLE_IDENTIFIER = com.piotrantkiewicz.Audible;
				PRODUCT_NAME = "$(TARGET_NAME)";
				SWIFT_EMIT_LOC_STRINGS = YES;
				SWIFT_VERSION = 5.0;
				TARGETED_DEVICE_FAMILY = "1,2";
			};
			name = Release;
		};
/* End XCBuildConfiguration section */

/* Begin XCConfigurationList section */
		AEE1E8212BE3ADC60054FA50 /* Build configuration list for PBXProject "Audible" */ = {
			isa = XCConfigurationList;
			buildConfigurations = (
				AEE1E8382BE3ADC80054FA50 /* Debug */,
				AEE1E8392BE3ADC80054FA50 /* Release */,
			);
			defaultConfigurationIsVisible = 0;
			defaultConfigurationName = Release;
		};
		AEE1E83A2BE3ADC80054FA50 /* Build configuration list for PBXNativeTarget "Audible" */ = {
			isa = XCConfigurationList;
			buildConfigurations = (
				AEE1E83B2BE3ADC80054FA50 /* Debug */,
				AEE1E83C2BE3ADC80054FA50 /* Release */,
			);
			defaultConfigurationIsVisible = 0;
			defaultConfigurationName = Release;
		};
/* End XCConfigurationList section */
	};
	rootObject = AEE1E81E2BE3ADC60054FA50 /* Project object */;
}
